// !$*UTF8*$!
{
	archiveVersion = 1;
	classes = {
	};
	objectVersion = 46;
	objects = {

/* Begin PBXBuildFile section */
		B964936E1C0E21DD00257E31 /* main.m in Sources */ = {isa = PBXBuildFile; fileRef = B964936D1C0E21DD00257E31 /* main.m */; };
		B96493711C0E21DD00257E31 /* AppDelegate.m in Sources */ = {isa = PBXBuildFile; fileRef = B96493701C0E21DD00257E31 /* AppDelegate.m */; };
		B96493741C0E21DD00257E31 /* ViewController.m in Sources */ = {isa = PBXBuildFile; fileRef = B96493731C0E21DD00257E31 /* ViewController.m */; };
		B96493771C0E21DE00257E31 /* Main.storyboard in Resources */ = {isa = PBXBuildFile; fileRef = B96493751C0E21DE00257E31 /* Main.storyboard */; };
		B96493791C0E21DE00257E31 /* Images.xcassets in Resources */ = {isa = PBXBuildFile; fileRef = B96493781C0E21DE00257E31 /* Images.xcassets */; };
		B964937C1C0E21DE00257E31 /* LaunchScreen.xib in Resources */ = {isa = PBXBuildFile; fileRef = B964937A1C0E21DE00257E31 /* LaunchScreen.xib */; };
		B96493881C0E21DE00257E31 /* SwipeTraverseTests.m in Sources */ = {isa = PBXBuildFile; fileRef = B96493871C0E21DE00257E31 /* SwipeTraverseTests.m */; };
/* End PBXBuildFile section */

/* Begin PBXContainerItemProxy section */
		B96493821C0E21DE00257E31 /* PBXContainerItemProxy */ = {
			isa = PBXContainerItemProxy;
			containerPortal = B96493601C0E21DD00257E31 /* Project object */;
			proxyType = 1;
			remoteGlobalIDString = B96493671C0E21DD00257E31;
			remoteInfo = SwipeTraverse;
		};
/* End PBXContainerItemProxy section */

/* Begin PBXFileReference section */
		B96493681C0E21DD00257E31 /* SwipeTraverse.app */ = {isa = PBXFileReference; explicitFileType = wrapper.application; includeInIndex = 0; path = SwipeTraverse.app; sourceTree = BUILT_PRODUCTS_DIR; };
		B964936C1C0E21DD00257E31 /* Info.plist */ = {isa = PBXFileReference; lastKnownFileType = text.plist.xml; path = Info.plist; sourceTree = "<group>"; };
		B964936D1C0E21DD00257E31 /* main.m */ = {isa = PBXFileReference; lastKnownFileType = sourcecode.c.objc; path = main.m; sourceTree = "<group>"; };
		B964936F1C0E21DD00257E31 /* AppDelegate.h */ = {isa = PBXFileReference; lastKnownFileType = sourcecode.c.h; path = AppDelegate.h; sourceTree = "<group>"; };
		B96493701C0E21DD00257E31 /* AppDelegate.m */ = {isa = PBXFileReference; lastKnownFileType = sourcecode.c.objc; path = AppDelegate.m; sourceTree = "<group>"; };
		B96493721C0E21DD00257E31 /* ViewController.h */ = {isa = PBXFileReference; lastKnownFileType = sourcecode.c.h; path = ViewController.h; sourceTree = "<group>"; };
		B96493731C0E21DD00257E31 /* ViewController.m */ = {isa = PBXFileReference; lastKnownFileType = sourcecode.c.objc; path = ViewController.m; sourceTree = "<group>"; };
		B96493761C0E21DE00257E31 /* Base */ = {isa = PBXFileReference; lastKnownFileType = file.storyboard; name = Base; path = Base.lproj/Main.storyboard; sourceTree = "<group>"; };
		B96493781C0E21DE00257E31 /* Images.xcassets */ = {isa = PBXFileReference; lastKnownFileType = folder.assetcatalog; path = Images.xcassets; sourceTree = "<group>"; };
		B964937B1C0E21DE00257E31 /* Base */ = {isa = PBXFileReference; lastKnownFileType = file.xib; name = Base; path = Base.lproj/LaunchScreen.xib; sourceTree = "<group>"; };
		B96493811C0E21DE00257E31 /* SwipeTraverseTests.xctest */ = {isa = PBXFileReference; explicitFileType = wrapper.cfbundle; includeInIndex = 0; path = SwipeTraverseTests.xctest; sourceTree = BUILT_PRODUCTS_DIR; };
		B96493861C0E21DE00257E31 /* Info.plist */ = {isa = PBXFileReference; lastKnownFileType = text.plist.xml; path = Info.plist; sourceTree = "<group>"; };
		B96493871C0E21DE00257E31 /* SwipeTraverseTests.m */ = {isa = PBXFileReference; lastKnownFileType = sourcecode.c.objc; path = SwipeTraverseTests.m; sourceTree = "<group>"; };
/* End PBXFileReference section */

/* Begin PBXFrameworksBuildPhase section */
		B96493651C0E21DD00257E31 /* Frameworks */ = {
			isa = PBXFrameworksBuildPhase;
			buildActionMask = 2147483647;
			files = (
			);
			runOnlyForDeploymentPostprocessing = 0;
		};
		B964937E1C0E21DE00257E31 /* Frameworks */ = {
			isa = PBXFrameworksBuildPhase;
			buildActionMask = 2147483647;
			files = (
			);
			runOnlyForDeploymentPostprocessing = 0;
		};
/* End PBXFrameworksBuildPhase section */

/* Begin PBXGroup section */
		B964935F1C0E21DD00257E31 = {
			isa = PBXGroup;
			children = (
				B964936A1C0E21DD00257E31 /* SwipeTraverse */,
				B96493841C0E21DE00257E31 /* SwipeTraverseTests */,
				B96493691C0E21DD00257E31 /* Products */,
			);
			sourceTree = "<group>";
		};
		B96493691C0E21DD00257E31 /* Products */ = {
			isa = PBXGroup;
			children = (
				B96493681C0E21DD00257E31 /* SwipeTraverse.app */,
				B96493811C0E21DE00257E31 /* SwipeTraverseTests.xctest */,
			);
			name = Products;
			sourceTree = "<group>";
		};
		B964936A1C0E21DD00257E31 /* SwipeTraverse */ = {
			isa = PBXGroup;
			children = (
				B964936F1C0E21DD00257E31 /* AppDelegate.h */,
				B96493701C0E21DD00257E31 /* AppDelegate.m */,
				B96493721C0E21DD00257E31 /* ViewController.h */,
				B96493731C0E21DD00257E31 /* ViewController.m */,
				B96493751C0E21DE00257E31 /* Main.storyboard */,
				B96493781C0E21DE00257E31 /* Images.xcassets */,
				B964937A1C0E21DE00257E31 /* LaunchScreen.xib */,
				B964936B1C0E21DD00257E31 /* Supporting Files */,
			);
			path = SwipeTraverse;
			sourceTree = "<group>";
		};
		B964936B1C0E21DD00257E31 /* Supporting Files */ = {
			isa = PBXGroup;
			children = (
				B964936C1C0E21DD00257E31 /* Info.plist */,
				B964936D1C0E21DD00257E31 /* main.m */,
			);
			name = "Supporting Files";
			sourceTree = "<group>";
		};
		B96493841C0E21DE00257E31 /* SwipeTraverseTests */ = {
			isa = PBXGroup;
			children = (
				B96493871C0E21DE00257E31 /* SwipeTraverseTests.m */,
				B96493851C0E21DE00257E31 /* Supporting Files */,
			);
			path = SwipeTraverseTests;
			sourceTree = "<group>";
		};
		B96493851C0E21DE00257E31 /* Supporting Files */ = {
			isa = PBXGroup;
			children = (
				B96493861C0E21DE00257E31 /* Info.plist */,
			);
			name = "Supporting Files";
			sourceTree = "<group>";
		};
/* End PBXGroup section */

/* Begin PBXNativeTarget section */
		B96493671C0E21DD00257E31 /* SwipeTraverse */ = {
			isa = PBXNativeTarget;
			buildConfigurationList = B964938B1C0E21DE00257E31 /* Build configuration list for PBXNativeTarget "SwipeTraverse" */;
			buildPhases = (
				B96493641C0E21DD00257E31 /* Sources */,
				B96493651C0E21DD00257E31 /* Frameworks */,
				B96493661C0E21DD00257E31 /* Resources */,
			);
			buildRules = (
			);
			dependencies = (
			);
			name = SwipeTraverse;
			productName = SwipeTraverse;
			productReference = B96493681C0E21DD00257E31 /* SwipeTraverse.app */;
			productType = "com.apple.product-type.application";
		};
		B96493801C0E21DE00257E31 /* SwipeTraverseTests */ = {
			isa = PBXNativeTarget;
			buildConfigurationList = B964938E1C0E21DE00257E31 /* Build configuration list for PBXNativeTarget "SwipeTraverseTests" */;
			buildPhases = (
				B964937D1C0E21DE00257E31 /* Sources */,
				B964937E1C0E21DE00257E31 /* Frameworks */,
				B964937F1C0E21DE00257E31 /* Resources */,
			);
			buildRules = (
			);
			dependencies = (
				B96493831C0E21DE00257E31 /* PBXTargetDependency */,
			);
			name = SwipeTraverseTests;
			productName = SwipeTraverseTests;
			productReference = B96493811C0E21DE00257E31 /* SwipeTraverseTests.xctest */;
			productType = "com.apple.product-type.bundle.unit-test";
		};
/* End PBXNativeTarget section */

/* Begin PBXProject section */
		B96493601C0E21DD00257E31 /* Project object */ = {
			isa = PBXProject;
			attributes = {
				LastUpgradeCheck = 0640;
				ORGANIZATIONNAME = "Kanwar Zorawar Singh Rana";
				TargetAttributes = {
					B96493671C0E21DD00257E31 = {
						CreatedOnToolsVersion = 6.4;
					};
					B96493801C0E21DE00257E31 = {
						CreatedOnToolsVersion = 6.4;
						TestTargetID = B96493671C0E21DD00257E31;
					};
				};
			};
			buildConfigurationList = B96493631C0E21DD00257E31 /* Build configuration list for PBXProject "SwipeTraverse" */;
			compatibilityVersion = "Xcode 3.2";
			developmentRegion = English;
			hasScannedForEncodings = 0;
			knownRegions = (
				en,
				Base,
			);
			mainGroup = B964935F1C0E21DD00257E31;
			productRefGroup = B96493691C0E21DD00257E31 /* Products */;
			projectDirPath = "";
			projectRoot = "";
			targets = (
				B96493671C0E21DD00257E31 /* SwipeTraverse */,
				B96493801C0E21DE00257E31 /* SwipeTraverseTests */,
			);
		};
/* End PBXProject section */

/* Begin PBXResourcesBuildPhase section */
		B96493661C0E21DD00257E31 /* Resources */ = {
			isa = PBXResourcesBuildPhase;
			buildActionMask = 2147483647;
			files = (
				B96493771C0E21DE00257E31 /* Main.storyboard in Resources */,
				B964937C1C0E21DE00257E31 /* LaunchScreen.xib in Resources */,
				B96493791C0E21DE00257E31 /* Images.xcassets in Resources */,
			);
			runOnlyForDeploymentPostprocessing = 0;
		};
		B964937F1C0E21DE00257E31 /* Resources */ = {
			isa = PBXResourcesBuildPhase;
			buildActionMask = 2147483647;
			files = (
			);
			runOnlyForDeploymentPostprocessing = 0;
		};
/* End PBXResourcesBuildPhase section */

/* Begin PBXSourcesBuildPhase section */
		B96493641C0E21DD00257E31 /* Sources */ = {
			isa = PBXSourcesBuildPhase;
			buildActionMask = 2147483647;
			files = (
				B96493741C0E21DD00257E31 /* ViewController.m in Sources */,
				B96493711C0E21DD00257E31 /* AppDelegate.m in Sources */,
				B964936E1C0E21DD00257E31 /* main.m in Sources */,
			);
			runOnlyForDeploymentPostprocessing = 0;
		};
		B964937D1C0E21DE00257E31 /* Sources */ = {
			isa = PBXSourcesBuildPhase;
			buildActionMask = 2147483647;
			files = (
				B96493881C0E21DE00257E31 /* SwipeTraverseTests.m in Sources */,
			);
			runOnlyForDeploymentPostprocessing = 0;
		};
/* End PBXSourcesBuildPhase section */

/* Begin PBXTargetDependency section */
		B96493831C0E21DE00257E31 /* PBXTargetDependency */ = {
			isa = PBXTargetDependency;
			target = B96493671C0E21DD00257E31 /* SwipeTraverse */;
			targetProxy = B96493821C0E21DE00257E31 /* PBXContainerItemProxy */;
		};
/* End PBXTargetDependency section */

/* Begin PBXVariantGroup section */
		B96493751C0E21DE00257E31 /* Main.storyboard */ = {
			isa = PBXVariantGroup;
			children = (
				B96493761C0E21DE00257E31 /* Base */,
			);
			name = Main.storyboard;
			sourceTree = "<group>";
		};
		B964937A1C0E21DE00257E31 /* LaunchScreen.xib */ = {
			isa = PBXVariantGroup;
			children = (
				B964937B1C0E21DE00257E31 /* Base */,
			);
			name = LaunchScreen.xib;
			sourceTree = "<group>";
		};
/* End PBXVariantGroup section */

/* Begin XCBuildConfiguration section */
		B96493891C0E21DE00257E31 /* Debug */ = {
			isa = XCBuildConfiguration;
			buildSettings = {
				ALWAYS_SEARCH_USER_PATHS = NO;
				CLANG_CXX_LANGUAGE_STANDARD = "gnu++0x";
				CLANG_CXX_LIBRARY = "libc++";
				CLANG_ENABLE_MODULES = YES;
				CLANG_ENABLE_OBJC_ARC = YES;
				CLANG_WARN_BOOL_CONVERSION = YES;
				CLANG_WARN_CONSTANT_CONVERSION = YES;
				CLANG_WARN_DIRECT_OBJC_ISA_USAGE = YES_ERROR;
				CLANG_WARN_EMPTY_BODY = YES;
				CLANG_WARN_ENUM_CONVERSION = YES;
				CLANG_WARN_INT_CONVERSION = YES;
				CLANG_WARN_OBJC_ROOT_CLASS = YES_ERROR;
				CLANG_WARN_UNREACHABLE_CODE = YES;
				CLANG_WARN__DUPLICATE_METHOD_MATCH = YES;
				"CODE_SIGN_IDENTITY[sdk=iphoneos*]" = "iPhone Developer";
				COPY_PHASE_STRIP = NO;
				DEBUG_INFORMATION_FORMAT = "dwarf-with-dsym";
				ENABLE_STRICT_OBJC_MSGSEND = YES;
				GCC_C_LANGUAGE_STANDARD = gnu99;
				GCC_DYNAMIC_NO_PIC = NO;
				GCC_NO_COMMON_BLOCKS = YES;
				GCC_OPTIMIZATION_LEVEL = 0;
				GCC_PREPROCESSOR_DEFINITIONS = (
					"DEBUG=1",
					"$(inherited)",
				);
				GCC_SYMBOLS_PRIVATE_EXTERN = NO;
				GCC_WARN_64_TO_32_BIT_CONVERSION = YES;
				GCC_WARN_ABOUT_RETURN_TYPE = YES_ERROR;
				GCC_WARN_UNDECLARED_SELECTOR = YES;
				GCC_WARN_UNINITIALIZED_AUTOS = YES_AGGRESSIVE;
				GCC_WARN_UNUSED_FUNCTION = YES;
				GCC_WARN_UNUSED_VARIABLE = YES;
				IPHONEOS_DEPLOYMENT_TARGET = 8.4;
				MTL_ENABLE_DEBUG_INFO = YES;
				ONLY_ACTIVE_ARCH = YES;
				SDKROOT = iphoneos;
				TARGETED_DEVICE_FAMILY = "1,2";
			};
			name = Debug;
		};
		B964938A1C0E21DE00257E31 /* Release */ = {
			isa = XCBuildConfiguration;
			buildSettings = {
				ALWAYS_SEARCH_USER_PATHS = NO;
				CLANG_CXX_LANGUAGE_STANDARD = "gnu++0x";
				CLANG_CXX_LIBRARY = "libc++";
				CLANG_ENABLE_MODULES = YES;
				CLANG_ENABLE_OBJC_ARC = YES;
				CLANG_WARN_BOOL_CONVERSION = YES;
				CLANG_WARN_CONSTANT_CONVERSION = YES;
				CLANG_WARN_DIRECT_OBJC_ISA_USAGE = YES_ERROR;
				CLANG_WARN_EMPTY_BODY = YES;
				CLANG_WARN_ENUM_CONVERSION = YES;
				CLANG_WARN_INT_CONVERSION = YES;
				CLANG_WARN_OBJC_ROOT_CLASS = YES_ERROR;
				CLANG_WARN_UNREACHABLE_CODE = YES;
				CLANG_WARN__DUPLICATE_METHOD_MATCH = YES;
				"CODE_SIGN_IDENTITY[sdk=iphoneos*]" = "iPhone Developer";
				COPY_PHASE_STRIP = NO;
				DEBUG_INFORMATION_FORMAT = "dwarf-with-dsym";
				ENABLE_NS_ASSERTIONS = NO;
				ENABLE_STRICT_OBJC_MSGSEND = YES;
				GCC_C_LANGUAGE_STANDARD = gnu99;
				GCC_NO_COMMON_BLOCKS = YES;
				GCC_WARN_64_TO_32_BIT_CONVERSION = YES;
				GCC_WARN_ABOUT_RETURN_TYPE = YES_ERROR;
				GCC_WARN_UNDECLARED_SELECTOR = YES;
				GCC_WARN_UNINITIALIZED_AUTOS = YES_AGGRESSIVE;
				GCC_WARN_UNUSED_FUNCTION = YES;
				GCC_WARN_UNUSED_VARIABLE = YES;
				IPHONEOS_DEPLOYMENT_TARGET = 8.4;
				MTL_ENABLE_DEBUG_INFO = NO;
				SDKROOT = iphoneos;
				TARGETED_DEVICE_FAMILY = "1,2";
				VALIDATE_PRODUCT = YES;
			};
			name = Release;
		};
		B964938C1C0E21DE00257E31 /* Debug */ = {
			isa = XCBuildConfiguration;
			buildSettings = {
				ASSETCATALOG_COMPILER_APPICON_NAME = AppIcon;
				INFOPLIST_FILE = SwipeTraverse/Info.plist;
				LD_RUNPATH_SEARCH_PATHS = "$(inherited) @executable_path/Frameworks";
				PRODUCT_NAME = "$(TARGET_NAME)";
			};
			name = Debug;
		};
		B964938D1C0E21DE00257E31 /* Release */ = {
			isa = XCBuildConfiguration;
			buildSettings = {
				ASSETCATALOG_COMPILER_APPICON_NAME = AppIcon;
				INFOPLIST_FILE = SwipeTraverse/Info.plist;
				LD_RUNPATH_SEARCH_PATHS = "$(inherited) @executable_path/Frameworks";
				PRODUCT_NAME = "$(TARGET_NAME)";
			};
			name = Release;
		};
		B964938F1C0E21DE00257E31 /* Debug */ = {
			isa = XCBuildConfiguration;
			buildSettings = {
				BUNDLE_LOADER = "$(TEST_HOST)";
				FRAMEWORK_SEARCH_PATHS = (
					"$(SDKROOT)/Developer/Library/Frameworks",
					"$(inherited)",
				);
				GCC_PREPROCESSOR_DEFINITIONS = (
					"DEBUG=1",
					"$(inherited)",
				);
				INFOPLIST_FILE = SwipeTraverseTests/Info.plist;
				LD_RUNPATH_SEARCH_PATHS = "$(inherited) @executable_path/Frameworks @loader_path/Frameworks";
				PRODUCT_NAME = "$(TARGET_NAME)";
				TEST_HOST = "$(BUILT_PRODUCTS_DIR)/SwipeTraverse.app/SwipeTraverse";
			};
			name = Debug;
		};
		B96493901C0E21DE00257E31 /* Release */ = {
			isa = XCBuildConfiguration;
			buildSettings = {
				BUNDLE_LOADER = "$(TEST_HOST)";
				FRAMEWORK_SEARCH_PATHS = (
					"$(SDKROOT)/Developer/Library/Frameworks",
					"$(inherited)",
				);
				INFOPLIST_FILE = SwipeTraverseTests/Info.plist;
				LD_RUNPATH_SEARCH_PATHS = "$(inherited) @executable_path/Frameworks @loader_path/Frameworks";
				PRODUCT_NAME = "$(TARGET_NAME)";
				TEST_HOST = "$(BUILT_PRODUCTS_DIR)/SwipeTraverse.app/SwipeTraverse";
			};
			name = Release;
		};
/* End XCBuildConfiguration section */

/* Begin XCConfigurationList section */
		B96493631C0E21DD00257E31 /* Build configuration list for PBXProject "SwipeTraverse" */ = {
			isa = XCConfigurationList;
			buildConfigurations = (
				B96493891C0E21DE00257E31 /* Debug */,
				B964938A1C0E21DE00257E31 /* Release */,
			);
			defaultConfigurationIsVisible = 0;
			defaultConfigurationName = Release;
		};
		B964938B1C0E21DE00257E31 /* Build configuration list for PBXNativeTarget "SwipeTraverse" */ = {
			isa = XCConfigurationList;
			buildConfigurations = (
				B964938C1C0E21DE00257E31 /* Debug */,
				B964938D1C0E21DE00257E31 /* Release */,
			);
			defaultConfigurationIsVisible = 0;
		};
		B964938E1C0E21DE00257E31 /* Build configuration list for PBXNativeTarget "SwipeTraverseTests" */ = {
			isa = XCConfigurationList;
			buildConfigurations = (
				B964938F1C0E21DE00257E31 /* Debug */,
				B96493901C0E21DE00257E31 /* Release */,
			);
			defaultConfigurationIsVisible = 0;
		};
/* End XCConfigurationList section */
	};
	rootObject = B96493601C0E21DD00257E31 /* Project object */;
}
